Microsoft Visual Studio Solution File, Format Version 12.00
# Visual Studio Version 17
VisualStudioVersion = 17.5.2.0
MinimumVisualStudioVersion = 10.0.40219.1
Project("{FAE04EC0-301F-11D3-BF4B-00C04F79EFBC}") = "JsonPlus", "JsonPlus\JsonPlus.csproj", "{A1A1E824-4B04-499F-B585-DAE1162C4148}"
EndProject
Project("{FAE04EC0-301F-11D3-BF4B-00C04F79EFBC}") = "JsonPlus.UnitTests", "JsonPlus.UnitTests\JsonPlus.UnitTests.csproj", "{41DFB8DD-0B2A-FEC4-10EA-3DD375C105B3}"
EndProject
Global
	GlobalSection(SolutionConfigurationPlatforms) = preSolution
		Debug|Any CPU = Debug|Any CPU
		Release|Any CPU = Release|Any CPU
	EndGlobalSection
	GlobalSection(ProjectConfigurationPlatforms) = postSolution
		{A1A1E824-4B04-499F-B585-DAE1162C4148}.Debug|Any CPU.ActiveCfg = Debug|Any CPU
		{A1A1E824-4B04-499F-B585-DAE1162C4148}.Debug|Any CPU.Build.0 = Debug|Any CPU
		{A1A1E824-4B04-499F-B585-DAE1162C4148}.Release|Any CPU.ActiveCfg = Release|Any CPU
		{A1A1E824-4B04-499F-B585-DAE1162C4148}.Release|Any CPU.Build.0 = Release|Any CPU
		{41DFB8DD-0B2A-FEC4-10EA-3DD375C105B3}.Debug|Any CPU.ActiveCfg = Debug|Any CPU
		{41DFB8DD-0B2A-FEC4-10EA-3DD375C105B3}.Debug|Any CPU.Build.0 = Debug|Any CPU
		{41DFB8DD-0B2A-FEC4-10EA-3DD375C105B3}.Release|Any CPU.ActiveCfg = Release|Any CPU
		{41DFB8DD-0B2A-FEC4-10EA-3DD375C105B3}.Release|Any CPU.Build.0 = Release|Any CPU
	EndGlobalSection
	GlobalSection(SolutionProperties) = preSolution
		HideSolutionNode = FALSE
	EndGlobalSection
	GlobalSection(ExtensibilityGlobals) = postSolution
		SolutionGuid = {2714827B-A31E-496F-93DC-2DA7E6F9032C}
	EndGlobalSection
EndGlobal
